{
  "name": "optimize",
  "version": "1.0.0",
  "lockfileVersion": 1,
  "dependencies": {
    "gulp-order": {
      "version": "1.1.1",
      "resolved": "https://registry.npmjs.org/gulp-order/-/gulp-order-1.1.1.tgz",
      "integrity": "sha1-C47wgzI1vtZfHvvHnGrtl7HbQek=",
      "dev": true
    },
    "lru-cache": {
      "version": "2.7.3",
      "resolved": "https://registry.npmjs.org/lru-cache/-/lru-cache-2.7.3.tgz",
      "integrity": "sha1-bUUk6LlV+V1PW1iFHOId1y+06VI=",
      "dev": true
    },
    "minimatch": {
      "version": "0.2.14",
      "resolved": "https://registry.npmjs.org/minimatch/-/minimatch-0.2.14.tgz",
      "integrity": "sha1-x054BXT2PG+aCQ6Q775u9TpqdWo=",
      "dev": true
    },
    "sigmund": {
      "version": "1.0.1",
      "resolved": "https://registry.npmjs.org/sigmund/-/sigmund-1.0.1.tgz",
      "integrity": "sha1-P/IfGYytIXX587eBhT/ZTQ0ZtZA=",
      "dev": true
    },
    "through": {
      "version": "2.3.8",
      "resolved": "https://registry.npmjs.org/through/-/through-2.3.8.tgz",
      "integrity": "sha1-DdTJ/6q8NXlgsbckEV1+Doai4fU=",
      "dev": true
    }
  }
}
